{
  "requires": true,
  "lockfileVersion": 1,
  "dependencies": {
    "csp-header": {
      "version": "2.1.1",
      "resolved": "https://registry.npmjs.org/csp-header/-/csp-header-2.1.1.tgz",
      "integrity": "sha512-JuUi95nVFMuVOcI/A10+8CwpWflq3TS/sgperD109BG0xg7pEY1x1E1Aqv0LIpIKHdgkCK0nIZqu1RVRRRoMJA=="
    },
    "express-csp-header": {
      "version": "4.0.0",
      "resolved": "https://registry.npmjs.org/express-csp-header/-/express-csp-header-4.0.0.tgz",
      "integrity": "sha512-ksDlHZUHmZtNyULAuFqeX91q1bVNJk8z26cYRrKmPxkgeqEDrdI72uvI77/8ufxsnPLZ9gbgmt31fWVXD4d0pw==",
      "requires": {
        "csp-header": "^2.1.1",
        "psl": "^1.8.0"
      }
    },
    "helmet": {
      "version": "4.0.0",
      "resolved": "https://registry.npmjs.org/helmet/-/helmet-4.0.0.tgz",
      "integrity": "sha512-HyoRKKHhWhO6+EBfgRLkuZR4/+NXc1nJB7x0bWwW89i9eoPciK0qUqyZNOA/zowpgrW9C4+J5toqMkZrpBOlkg=="
    },
    "helmet-csp": {
      "version": "3.0.0",
      "resolved": "https://registry.npmjs.org/helmet-csp/-/helmet-csp-3.0.0.tgz",
      "integrity": "sha512-yttZ+AsYvcMeSnVdq8+UQLTuNeZFImOYUnWCEVGhyKN7wLd5lZi3dvRlLUpW+b2UYqQFm6EVAdF6rjMojhNEAA=="
    },
    "psl": {
      "version": "1.8.0",
      "resolved": "https://registry.npmjs.org/psl/-/psl-1.8.0.tgz",
      "integrity": "sha512-RIdOzyoavK+hA18OGGWDqUTsCLhtA7IcZ/6NCs4fFJaHBDab+pDDmDIByWFRQJq2Cd7r1OoQxBGKOaztq+hjIQ=="
    }
  }
}
